// !$*UTF8*$!
{
	archiveVersion = 1;
	classes = {
	};
	objectVersion = 56;
	objects = {

/* Begin PBXBuildFile section */
		900E6EC42C3B0A380070522B /* PublicSans.ttf in Resources */ = {isa = PBXBuildFile; fileRef = 900E6EC32C3B09D20070522B /* PublicSans.ttf */; };
		900E6EC62C3B0A890070522B /* PublicSans-ExtraLight.ttf in Resources */ = {isa = PBXBuildFile; fileRef = 900E6EC52C3B0A890070522B /* PublicSans-ExtraLight.ttf */; };
		900E6EC82C3B0B0C0070522B /* PublicSans-SemiBold.ttf in Resources */ = {isa = PBXBuildFile; fileRef = 900E6EC72C3B0B0C0070522B /* PublicSans-SemiBold.ttf */; };
		9048F9AF2BA64B21004CEB2D /* RegisterView.swift in Sources */ = {isa = PBXBuildFile; fileRef = 9048F9AE2BA64B21004CEB2D /* RegisterView.swift */; };
		9051D5BE2CE069F200414D61 /* CustomTabViewBar.swift in Sources */ = {isa = PBXBuildFile; fileRef = 9051D5BD2CE069F200414D61 /* CustomTabViewBar.swift */; };
		9051D5C02CE06D8300414D61 /* SettingsView.swift in Sources */ = {isa = PBXBuildFile; fileRef = 9051D5BF2CE06D8300414D61 /* SettingsView.swift */; };
		908312922BA3DFC200F105F0 /* EnterPhoneNumberView.swift in Sources */ = {isa = PBXBuildFile; fileRef = 908312852BA3DFC100F105F0 /* EnterPhoneNumberView.swift */; };
		908312932BA3DFC200F105F0 /* IdentityView.swift in Sources */ = {isa = PBXBuildFile; fileRef = 908312862BA3DFC100F105F0 /* IdentityView.swift */; };
		908312942BA3DFC200F105F0 /* HomeView.swift in Sources */ = {isa = PBXBuildFile; fileRef = 908312872BA3DFC100F105F0 /* HomeView.swift */; };
		908312962BA3DFC200F105F0 /* Assets.xcassets in Resources */ = {isa = PBXBuildFile; fileRef = 908312892BA3DFC100F105F0 /* Assets.xcassets */; };
		908312972BA3DFC200F105F0 /* VerifyCodeView.swift in Sources */ = {isa = PBXBuildFile; fileRef = 9083128A2BA3DFC100F105F0 /* VerifyCodeView.swift */; };
		908312982BA3DFC200F105F0 /* Api.swift in Sources */ = {isa = PBXBuildFile; fileRef = 9083128B2BA3DFC200F105F0 /* Api.swift */; };
		908312992BA3DFC200F105F0 /* AddAccountView.swift in Sources */ = {isa = PBXBuildFile; fileRef = 9083128C2BA3DFC200F105F0 /* AddAccountView.swift */; };
		9083129A2BA3DFC200F105F0 /* RootView.swift in Sources */ = {isa = PBXBuildFile; fileRef = 9083128D2BA3DFC200F105F0 /* RootView.swift */; };
		9083129B2BA3DFC200F105F0 /* Preview Assets.xcassets in Resources */ = {isa = PBXBuildFile; fileRef = 9083128E2BA3DFC200F105F0 /* Preview Assets.xcassets */; };
		9083129C2BA3DFC200F105F0 /* LoadingView.swift in Sources */ = {isa = PBXBuildFile; fileRef = 908312902BA3DFC200F105F0 /* LoadingView.swift */; };
		9083129D2BA3DFC200F105F0 /* UserModel.swift in Sources */ = {isa = PBXBuildFile; fileRef = 908312912BA3DFC200F105F0 /* UserModel.swift */; };
		90EB0B522BB27C56009AC055 /* Retro.ttf in Resources */ = {isa = PBXBuildFile; fileRef = 90EB0B512BB27C38009AC055 /* Retro.ttf */; };
		90EB0B562BB28973009AC055 /* cryptologo.png in Resources */ = {isa = PBXBuildFile; fileRef = 90EB0B552BB28973009AC055 /* cryptologo.png */; };
		90EFB9512BA3DF6700F27787 /* CrypGoApp.swift in Sources */ = {isa = PBXBuildFile; fileRef = 90EFB9502BA3DF6700F27787 /* CrypGoApp.swift */; };
		90EFB9532BA3DF6700F27787 /* ContentView.swift in Sources */ = {isa = PBXBuildFile; fileRef = 90EFB9522BA3DF6700F27787 /* ContentView.swift */; };
		90EFB9582BA3DF6900F27787 /* Preview Assets.xcassets in Resources */ = {isa = PBXBuildFile; fileRef = 90EFB9572BA3DF6900F27787 /* Preview Assets.xcassets */; };
		90EFB9622BA3DF6900F27787 /* CrypGoTests.swift in Sources */ = {isa = PBXBuildFile; fileRef = 90EFB9612BA3DF6900F27787 /* CrypGoTests.swift */; };
		90EFB96C2BA3DF6900F27787 /* CrypGoUITests.swift in Sources */ = {isa = PBXBuildFile; fileRef = 90EFB96B2BA3DF6900F27787 /* CrypGoUITests.swift */; };
		90EFB96E2BA3DF6900F27787 /* CrypGoUITestsLaunchTests.swift in Sources */ = {isa = PBXBuildFile; fileRef = 90EFB96D2BA3DF6900F27787 /* CrypGoUITestsLaunchTests.swift */; };
/* End PBXBuildFile section */

/* Begin PBXContainerItemProxy section */
		90EFB95E2BA3DF6900F27787 /* PBXContainerItemProxy */ = {
			isa = PBXContainerItemProxy;
			containerPortal = 90EFB9452BA3DF6700F27787 /* Project object */;
			proxyType = 1;
			remoteGlobalIDString = 90EFB94C2BA3DF6700F27787;
			remoteInfo = CrypGo;
		};
		90EFB9682BA3DF6900F27787 /* PBXContainerItemProxy */ = {
			isa = PBXContainerItemProxy;
			containerPortal = 90EFB9452BA3DF6700F27787 /* Project object */;
			proxyType = 1;
			remoteGlobalIDString = 90EFB94C2BA3DF6700F27787;
			remoteInfo = CrypGo;
		};
/* End PBXContainerItemProxy section */

/* Begin PBXFileReference section */
		900E6EC32C3B09D20070522B /* PublicSans.ttf */ = {isa = PBXFileReference; lastKnownFileType = file; path = PublicSans.ttf; sourceTree = "<group>"; };
		900E6EC52C3B0A890070522B /* PublicSans-ExtraLight.ttf */ = {isa = PBXFileReference; lastKnownFileType = file; path = "PublicSans-ExtraLight.ttf"; sourceTree = "<group>"; };
		900E6EC72C3B0B0C0070522B /* PublicSans-SemiBold.ttf */ = {isa = PBXFileReference; lastKnownFileType = file; path = "PublicSans-SemiBold.ttf"; sourceTree = "<group>"; };
		9048F9AE2BA64B21004CEB2D /* RegisterView.swift */ = {isa = PBXFileReference; lastKnownFileType = sourcecode.swift; path = RegisterView.swift; sourceTree = "<group>"; };
		9051D5BD2CE069F200414D61 /* CustomTabViewBar.swift */ = {isa = PBXFileReference; lastKnownFileType = sourcecode.swift; path = CustomTabViewBar.swift; sourceTree = "<group>"; };
		9051D5BF2CE06D8300414D61 /* SettingsView.swift */ = {isa = PBXFileReference; lastKnownFileType = sourcecode.swift; name = SettingsView.swift; path = ../../../../../SettingsView.swift; sourceTree = "<group>"; };
		908312852BA3DFC100F105F0 /* EnterPhoneNumberView.swift */ = {isa = PBXFileReference; fileEncoding = 4; lastKnownFileType = sourcecode.swift; path = EnterPhoneNumberView.swift; sourceTree = "<group>"; };
		908312862BA3DFC100F105F0 /* IdentityView.swift */ = {isa = PBXFileReference; fileEncoding = 4; lastKnownFileType = sourcecode.swift; path = IdentityView.swift; sourceTree = "<group>"; };
		908312872BA3DFC100F105F0 /* HomeView.swift */ = {isa = PBXFileReference; fileEncoding = 4; lastKnownFileType = sourcecode.swift; path = HomeView.swift; sourceTree = "<group>"; };
		908312892BA3DFC100F105F0 /* Assets.xcassets */ = {isa = PBXFileReference; lastKnownFileType = folder.assetcatalog; name = Assets.xcassets; path = "../../../../../../Downloads/FINALESTHOMEWORK4 2/Homework3/Assets.xcassets"; sourceTree = "<group>"; };
		9083128A2BA3DFC100F105F0 /* VerifyCodeView.swift */ = {isa = PBXFileReference; fileEncoding = 4; lastKnownFileType = sourcecode.swift; path = VerifyCodeView.swift; sourceTree = "<group>"; };
		9083128B2BA3DFC200F105F0 /* Api.swift */ = {isa = PBXFileReference; fileEncoding = 4; lastKnownFileType = sourcecode.swift; path = Api.swift; sourceTree = "<group>"; };
		9083128C2BA3DFC200F105F0 /* AddAccountView.swift */ = {isa = PBXFileReference; fileEncoding = 4; lastKnownFileType = sourcecode.swift; path = AddAccountView.swift; sourceTree = "<group>"; };
		9083128D2BA3DFC200F105F0 /* RootView.swift */ = {isa = PBXFileReference; fileEncoding = 4; lastKnownFileType = sourcecode.swift; path = RootView.swift; sourceTree = "<group>"; };
		9083128E2BA3DFC200F105F0 /* Preview Assets.xcassets */ = {isa = PBXFileReference; lastKnownFileType = folder.assetcatalog; path = "Preview Assets.xcassets"; sourceTree = "<group>"; };
		908312902BA3DFC200F105F0 /* LoadingView.swift */ = {isa = PBXFileReference; fileEncoding = 4; lastKnownFileType = sourcecode.swift; path = LoadingView.swift; sourceTree = "<group>"; };
		908312912BA3DFC200F105F0 /* UserModel.swift */ = {isa = PBXFileReference; fileEncoding = 4; lastKnownFileType = sourcecode.swift; path = UserModel.swift; sourceTree = "<group>"; };
		90EB0B512BB27C38009AC055 /* Retro.ttf */ = {isa = PBXFileReference; lastKnownFileType = file; path = Retro.ttf; sourceTree = "<group>"; };
		90EB0B532BB27FA7009AC055 /* Info.plist */ = {isa = PBXFileReference; lastKnownFileType = text.plist; path = Info.plist; sourceTree = "<group>"; };
		90EB0B552BB28973009AC055 /* cryptologo.png */ = {isa = PBXFileReference; lastKnownFileType = image.png; path = cryptologo.png; sourceTree = "<group>"; };
		90EFB94D2BA3DF6700F27787 /* CrypGo.app */ = {isa = PBXFileReference; explicitFileType = wrapper.application; includeInIndex = 0; path = CrypGo.app; sourceTree = BUILT_PRODUCTS_DIR; };
		90EFB9502BA3DF6700F27787 /* CrypGoApp.swift */ = {isa = PBXFileReference; lastKnownFileType = sourcecode.swift; path = CrypGoApp.swift; sourceTree = "<group>"; };
		90EFB9522BA3DF6700F27787 /* ContentView.swift */ = {isa = PBXFileReference; lastKnownFileType = sourcecode.swift; path = ContentView.swift; sourceTree = "<group>"; };
		90EFB9572BA3DF6900F27787 /* Preview Assets.xcassets */ = {isa = PBXFileReference; lastKnownFileType = folder.assetcatalog; path = "Preview Assets.xcassets"; sourceTree = "<group>"; };
		90EFB95D2BA3DF6900F27787 /* CrypGoTests.xctest */ = {isa = PBXFileReference; explicitFileType = wrapper.cfbundle; includeInIndex = 0; path = CrypGoTests.xctest; sourceTree = BUILT_PRODUCTS_DIR; };
		90EFB9612BA3DF6900F27787 /* CrypGoTests.swift */ = {isa = PBXFileReference; lastKnownFileType = sourcecode.swift; path = CrypGoTests.swift; sourceTree = "<group>"; };
		90EFB9672BA3DF6900F27787 /* CrypGoUITests.xctest */ = {isa = PBXFileReference; explicitFileType = wrapper.cfbundle; includeInIndex = 0; path = CrypGoUITests.xctest; sourceTree = BUILT_PRODUCTS_DIR; };
		90EFB96B2BA3DF6900F27787 /* CrypGoUITests.swift */ = {isa = PBXFileReference; lastKnownFileType = sourcecode.swift; path = CrypGoUITests.swift; sourceTree = "<group>"; };
		90EFB96D2BA3DF6900F27787 /* CrypGoUITestsLaunchTests.swift */ = {isa = PBXFileReference; lastKnownFileType = sourcecode.swift; path = CrypGoUITestsLaunchTests.swift; sourceTree = "<group>"; };
/* End PBXFileReference section */

/* Begin PBXFrameworksBuildPhase section */
		90EFB94A2BA3DF6700F27787 /* Frameworks */ = {
			isa = PBXFrameworksBuildPhase;
			buildActionMask = 2147483647;
			files = (
			);
			runOnlyForDeploymentPostprocessing = 0;
		};
		90EFB95A2BA3DF6900F27787 /* Frameworks */ = {
			isa = PBXFrameworksBuildPhase;
			buildActionMask = 2147483647;
			files = (
			);
			runOnlyForDeploymentPostprocessing = 0;
		};
		90EFB9642BA3DF6900F27787 /* Frameworks */ = {
			isa = PBXFrameworksBuildPhase;
			buildActionMask = 2147483647;
			files = (
			);
			runOnlyForDeploymentPostprocessing = 0;
		};
/* End PBXFrameworksBuildPhase section */

/* Begin PBXGroup section */
		9083128F2BA3DFC200F105F0 /* Preview Content */ = {
			isa = PBXGroup;
			children = (
				9083128E2BA3DFC200F105F0 /* Preview Assets.xcassets */,
			);
			name = "Preview Content";
			path = "../../../../../../Downloads/FINALESTHOMEWORK4 2/Homework3/Preview Content";
			sourceTree = "<group>";
		};
		90EB0B502BB27C26009AC055 /* Fonts */ = {
			isa = PBXGroup;
			children = (
				900E6EC32C3B09D20070522B /* PublicSans.ttf */,
				900E6EC52C3B0A890070522B /* PublicSans-ExtraLight.ttf */,
				900E6EC72C3B0B0C0070522B /* PublicSans-SemiBold.ttf */,
				90EB0B512BB27C38009AC055 /* Retro.ttf */,
			);
			path = Fonts;
			sourceTree = "<group>";
		};
		90EB0B542BB2896A009AC055 /* Images */ = {
			isa = PBXGroup;
			children = (
				90EB0B552BB28973009AC055 /* cryptologo.png */,
			);
			path = Images;
			sourceTree = "<group>";
		};
		90EFB9442BA3DF6700F27787 = {
			isa = PBXGroup;
			children = (
				90EFB94F2BA3DF6700F27787 /* CrypGo */,
				90EFB9602BA3DF6900F27787 /* CrypGoTests */,
				90EFB96A2BA3DF6900F27787 /* CrypGoUITests */,
				90EFB94E2BA3DF6700F27787 /* Products */,
			);
			sourceTree = "<group>";
		};
		90EFB94E2BA3DF6700F27787 /* Products */ = {
			isa = PBXGroup;
			children = (
				90EFB94D2BA3DF6700F27787 /* CrypGo.app */,
				90EFB95D2BA3DF6900F27787 /* CrypGoTests.xctest */,
				90EFB9672BA3DF6900F27787 /* CrypGoUITests.xctest */,
			);
			name = Products;
			sourceTree = "<group>";
		};
		90EFB94F2BA3DF6700F27787 /* CrypGo */ = {
			isa = PBXGroup;
			children = (
				90EB0B532BB27FA7009AC055 /* Info.plist */,
				90EFB9502BA3DF6700F27787 /* CrypGoApp.swift */,
				90EFB9522BA3DF6700F27787 /* ContentView.swift */,
				9083128C2BA3DFC200F105F0 /* AddAccountView.swift */,
				90EB0B542BB2896A009AC055 /* Images */,
				90EB0B502BB27C26009AC055 /* Fonts */,
				9083128B2BA3DFC200F105F0 /* Api.swift */,
				908312892BA3DFC100F105F0 /* Assets.xcassets */,
				908312852BA3DFC100F105F0 /* EnterPhoneNumberView.swift */,
				9048F9AE2BA64B21004CEB2D /* RegisterView.swift */,
				908312872BA3DFC100F105F0 /* HomeView.swift */,
				9051D5BF2CE06D8300414D61 /* SettingsView.swift */,
				9051D5BD2CE069F200414D61 /* CustomTabViewBar.swift */,
				908312862BA3DFC100F105F0 /* IdentityView.swift */,
				908312902BA3DFC200F105F0 /* LoadingView.swift */,
				9083128F2BA3DFC200F105F0 /* Preview Content */,
				9083128D2BA3DFC200F105F0 /* RootView.swift */,
				908312912BA3DFC200F105F0 /* UserModel.swift */,
				9083128A2BA3DFC100F105F0 /* VerifyCodeView.swift */,
				90EFB9562BA3DF6900F27787 /* Preview Content */,
			);
			path = CrypGo;
			sourceTree = "<group>";
		};
		90EFB9562BA3DF6900F27787 /* Preview Content */ = {
			isa = PBXGroup;
			children = (
				90EFB9572BA3DF6900F27787 /* Preview Assets.xcassets */,
			);
			path = "Preview Content";
			sourceTree = "<group>";
		};
		90EFB9602BA3DF6900F27787 /* CrypGoTests */ = {
			isa = PBXGroup;
			children = (
				90EFB9612BA3DF6900F27787 /* CrypGoTests.swift */,
			);
			path = CrypGoTests;
			sourceTree = "<group>";
		};
		90EFB96A2BA3DF6900F27787 /* CrypGoUITests */ = {
			isa = PBXGroup;
			children = (
				90EFB96B2BA3DF6900F27787 /* CrypGoUITests.swift */,
				90EFB96D2BA3DF6900F27787 /* CrypGoUITestsLaunchTests.swift */,
			);
			path = CrypGoUITests;
			sourceTree = "<group>";
		};
/* End PBXGroup section */

/* Begin PBXNativeTarget section */
		90EFB94C2BA3DF6700F27787 /* CrypGo */ = {
			isa = PBXNativeTarget;
			buildConfigurationList = 90EFB9712BA3DF6900F27787 /* Build configuration list for PBXNativeTarget "CrypGo" */;
			buildPhases = (
				90EFB9492BA3DF6700F27787 /* Sources */,
				90EFB94A2BA3DF6700F27787 /* Frameworks */,
				90EFB94B2BA3DF6700F27787 /* Resources */,
			);
			buildRules = (
			);
			dependencies = (
			);
			name = CrypGo;
			packageProductDependencies = (
			);
			productName = CrypGo;
			productReference = 90EFB94D2BA3DF6700F27787 /* CrypGo.app */;
			productType = "com.apple.product-type.application";
		};
		90EFB95C2BA3DF6900F27787 /* CrypGoTests */ = {
			isa = PBXNativeTarget;
			buildConfigurationList = 90EFB9742BA3DF6900F27787 /* Build configuration list for PBXNativeTarget "CrypGoTests" */;
			buildPhases = (
				90EFB9592BA3DF6900F27787 /* Sources */,
				90EFB95A2BA3DF6900F27787 /* Frameworks */,
				90EFB95B2BA3DF6900F27787 /* Resources */,
			);
			buildRules = (
			);
			dependencies = (
				90EFB95F2BA3DF6900F27787 /* PBXTargetDependency */,
			);
			name = CrypGoTests;
			productName = CrypGoTests;
			productReference = 90EFB95D2BA3DF6900F27787 /* CrypGoTests.xctest */;
			productType = "com.apple.product-type.bundle.unit-test";
		};
		90EFB9662BA3DF6900F27787 /* CrypGoUITests */ = {
			isa = PBXNativeTarget;
			buildConfigurationList = 90EFB9772BA3DF6900F27787 /* Build configuration list for PBXNativeTarget "CrypGoUITests" */;
			buildPhases = (
				90EFB9632BA3DF6900F27787 /* Sources */,
				90EFB9642BA3DF6900F27787 /* Frameworks */,
				90EFB9652BA3DF6900F27787 /* Resources */,
			);
			buildRules = (
			);
			dependencies = (
				90EFB9692BA3DF6900F27787 /* PBXTargetDependency */,
			);
			name = CrypGoUITests;
			productName = CrypGoUITests;
			productReference = 90EFB9672BA3DF6900F27787 /* CrypGoUITests.xctest */;
			productType = "com.apple.product-type.bundle.ui-testing";
		};
/* End PBXNativeTarget section */

/* Begin PBXProject section */
		90EFB9452BA3DF6700F27787 /* Project object */ = {
			isa = PBXProject;
			attributes = {
				BuildIndependentTargetsInParallel = 1;
				LastSwiftUpdateCheck = 1530;
				LastUpgradeCheck = 1530;
				TargetAttributes = {
					90EFB94C2BA3DF6700F27787 = {
						CreatedOnToolsVersion = 15.3;
					};
					90EFB95C2BA3DF6900F27787 = {
						CreatedOnToolsVersion = 15.3;
						TestTargetID = 90EFB94C2BA3DF6700F27787;
					};
					90EFB9662BA3DF6900F27787 = {
						CreatedOnToolsVersion = 15.3;
						TestTargetID = 90EFB94C2BA3DF6700F27787;
					};
				};
			};
			buildConfigurationList = 90EFB9482BA3DF6700F27787 /* Build configuration list for PBXProject "CrypGo" */;
			compatibilityVersion = "Xcode 14.0";
			developmentRegion = en;
			hasScannedForEncodings = 0;
			knownRegions = (
				en,
				Base,
			);
			mainGroup = 90EFB9442BA3DF6700F27787;
			packageReferences = (
				9083129E2BA3E03000F105F0 /* XCRemoteSwiftPackageReference "PhoneNumberKit" */,
			);
			productRefGroup = 90EFB94E2BA3DF6700F27787 /* Products */;
			projectDirPath = "";
			projectRoot = "";
			targets = (
				90EFB94C2BA3DF6700F27787 /* CrypGo */,
				90EFB95C2BA3DF6900F27787 /* CrypGoTests */,
				90EFB9662BA3DF6900F27787 /* CrypGoUITests */,
			);
		};
/* End PBXProject section */

/* Begin PBXResourcesBuildPhase section */
		90EFB94B2BA3DF6700F27787 /* Resources */ = {
			isa = PBXResourcesBuildPhase;
			buildActionMask = 2147483647;
			files = (
				9083129B2BA3DFC200F105F0 /* Preview Assets.xcassets in Resources */,
				90EB0B562BB28973009AC055 /* cryptologo.png in Resources */,
				900E6EC42C3B0A380070522B /* PublicSans.ttf in Resources */,
				900E6EC82C3B0B0C0070522B /* PublicSans-SemiBold.ttf in Resources */,
				90EFB9582BA3DF6900F27787 /* Preview Assets.xcassets in Resources */,
				908312962BA3DFC200F105F0 /* Assets.xcassets in Resources */,
				900E6EC62C3B0A890070522B /* PublicSans-ExtraLight.ttf in Resources */,
				90EB0B522BB27C56009AC055 /* Retro.ttf in Resources */,
			);
			runOnlyForDeploymentPostprocessing = 0;
		};
		90EFB95B2BA3DF6900F27787 /* Resources */ = {
			isa = PBXResourcesBuildPhase;
			buildActionMask = 2147483647;
			files = (
			);
			runOnlyForDeploymentPostprocessing = 0;
		};
		90EFB9652BA3DF6900F27787 /* Resources */ = {
			isa = PBXResourcesBuildPhase;
			buildActionMask = 2147483647;
			files = (
			);
			runOnlyForDeploymentPostprocessing = 0;
		};
/* End PBXResourcesBuildPhase section */

/* Begin PBXSourcesBuildPhase section */
		90EFB9492BA3DF6700F27787 /* Sources */ = {
			isa = PBXSourcesBuildPhase;
			buildActionMask = 2147483647;
			files = (
				90EFB9532BA3DF6700F27787 /* ContentView.swift in Sources */,
				90EFB9512BA3DF6700F27787 /* CrypGoApp.swift in Sources */,
				908312992BA3DFC200F105F0 /* AddAccountView.swift in Sources */,
				9083129C2BA3DFC200F105F0 /* LoadingView.swift in Sources */,
				908312932BA3DFC200F105F0 /* IdentityView.swift in Sources */,
				9083129A2BA3DFC200F105F0 /* RootView.swift in Sources */,
				908312942BA3DFC200F105F0 /* HomeView.swift in Sources */,
				9051D5C02CE06D8300414D61 /* SettingsView.swift in Sources */,
				908312922BA3DFC200F105F0 /* EnterPhoneNumberView.swift in Sources */,
				9051D5BE2CE069F200414D61 /* CustomTabViewBar.swift in Sources */,
				908312982BA3DFC200F105F0 /* Api.swift in Sources */,
				9048F9AF2BA64B21004CEB2D /* RegisterView.swift in Sources */,
				9083129D2BA3DFC200F105F0 /* UserModel.swift in Sources */,
				908312972BA3DFC200F105F0 /* VerifyCodeView.swift in Sources */,
			);
			runOnlyForDeploymentPostprocessing = 0;
		};
		90EFB9592BA3DF6900F27787 /* Sources */ = {
			isa = PBXSourcesBuildPhase;
			buildActionMask = 2147483647;
			files = (
				90EFB9622BA3DF6900F27787 /* CrypGoTests.swift in Sources */,
			);
			runOnlyForDeploymentPostprocessing = 0;
		};
		90EFB9632BA3DF6900F27787 /* Sources */ = {
			isa = PBXSourcesBuildPhase;
			buildActionMask = 2147483647;
			files = (
				90EFB96E2BA3DF6900F27787 /* CrypGoUITestsLaunchTests.swift in Sources */,
				90EFB96C2BA3DF6900F27787 /* CrypGoUITests.swift in Sources */,
			);
			runOnlyForDeploymentPostprocessing = 0;
		};
/* End PBXSourcesBuildPhase section */

/* Begin PBXTargetDependency section */
		90EFB95F2BA3DF6900F27787 /* PBXTargetDependency */ = {
			isa = PBXTargetDependency;
			target = 90EFB94C2BA3DF6700F27787 /* CrypGo */;
			targetProxy = 90EFB95E2BA3DF6900F27787 /* PBXContainerItemProxy */;
		};
		90EFB9692BA3DF6900F27787 /* PBXTargetDependency */ = {
			isa = PBXTargetDependency;
			target = 90EFB94C2BA3DF6700F27787 /* CrypGo */;
			targetProxy = 90EFB9682BA3DF6900F27787 /* PBXContainerItemProxy */;
		};
/* End PBXTargetDependency section */

/* Begin XCBuildConfiguration section */
		90EFB96F2BA3DF6900F27787 /* Debug */ = {
			isa = XCBuildConfiguration;
			buildSettings = {
				ALWAYS_SEARCH_USER_PATHS = NO;
				ASSETCATALOG_COMPILER_GENERATE_SWIFT_ASSET_SYMBOL_EXTENSIONS = YES;
				CLANG_ANALYZER_NONNULL = YES;
				CLANG_ANALYZER_NUMBER_OBJECT_CONVERSION = YES_AGGRESSIVE;
				CLANG_CXX_LANGUAGE_STANDARD = "gnu++20";
				CLANG_ENABLE_MODULES = YES;
				CLANG_ENABLE_OBJC_ARC = YES;
				CLANG_ENABLE_OBJC_WEAK = YES;
				CLANG_WARN_BLOCK_CAPTURE_AUTORELEASING = YES;
				CLANG_WARN_BOOL_CONVERSION = YES;
				CLANG_WARN_COMMA = YES;
				CLANG_WARN_CONSTANT_CONVERSION = YES;
				CLANG_WARN_DEPRECATED_OBJC_IMPLEMENTATIONS = YES;
				CLANG_WARN_DIRECT_OBJC_ISA_USAGE = YES_ERROR;
				CLANG_WARN_DOCUMENTATION_COMMENTS = YES;
				CLANG_WARN_EMPTY_BODY = YES;
				CLANG_WARN_ENUM_CONVERSION = YES;
				CLANG_WARN_INFINITE_RECURSION = YES;
				CLANG_WARN_INT_CONVERSION = YES;
				CLANG_WARN_NON_LITERAL_NULL_CONVERSION = YES;
				CLANG_WARN_OBJC_IMPLICIT_RETAIN_SELF = YES;
				CLANG_WARN_OBJC_LITERAL_CONVERSION = YES;
				CLANG_WARN_OBJC_ROOT_CLASS = YES_ERROR;
				CLANG_WARN_QUOTED_INCLUDE_IN_FRAMEWORK_HEADER = YES;
				CLANG_WARN_RANGE_LOOP_ANALYSIS = YES;
				CLANG_WARN_STRICT_PROTOTYPES = YES;
				CLANG_WARN_SUSPICIOUS_MOVE = YES;
				CLANG_WARN_UNGUARDED_AVAILABILITY = YES_AGGRESSIVE;
				CLANG_WARN_UNREACHABLE_CODE = YES;
				CLANG_WARN__DUPLICATE_METHOD_MATCH = YES;
				COPY_PHASE_STRIP = NO;
				DEBUG_INFORMATION_FORMAT = dwarf;
				ENABLE_STRICT_OBJC_MSGSEND = YES;
				ENABLE_TESTABILITY = YES;
				ENABLE_USER_SCRIPT_SANDBOXING = YES;
				GCC_C_LANGUAGE_STANDARD = gnu17;
				GCC_DYNAMIC_NO_PIC = NO;
				GCC_NO_COMMON_BLOCKS = YES;
				GCC_OPTIMIZATION_LEVEL = 0;
				GCC_PREPROCESSOR_DEFINITIONS = (
					"DEBUG=1",
					"$(inherited)",
				);
				GCC_WARN_64_TO_32_BIT_CONVERSION = YES;
				GCC_WARN_ABOUT_RETURN_TYPE = YES_ERROR;
				GCC_WARN_UNDECLARED_SELECTOR = YES;
				GCC_WARN_UNINITIALIZED_AUTOS = YES_AGGRESSIVE;
				GCC_WARN_UNUSED_FUNCTION = YES;
				GCC_WARN_UNUSED_VARIABLE = YES;
				IPHONEOS_DEPLOYMENT_TARGET = 17.0;
				LOCALIZATION_PREFERS_STRING_CATALOGS = YES;
				MTL_ENABLE_DEBUG_INFO = INCLUDE_SOURCE;
				MTL_FAST_MATH = YES;
				ONLY_ACTIVE_ARCH = YES;
				SDKROOT = iphoneos;
				SWIFT_ACTIVE_COMPILATION_CONDITIONS = "DEBUG $(inherited)";
				SWIFT_OPTIMIZATION_LEVEL = "-Onone";
			};
			name = Debug;
		};
		90EFB9702BA3DF6900F27787 /* Release */ = {
			isa = XCBuildConfiguration;
			buildSettings = {
				ALWAYS_SEARCH_USER_PATHS = NO;
				ASSETCATALOG_COMPILER_GENERATE_SWIFT_ASSET_SYMBOL_EXTENSIONS = YES;
				CLANG_ANALYZER_NONNULL = YES;
				CLANG_ANALYZER_NUMBER_OBJECT_CONVERSION = YES_AGGRESSIVE;
				CLANG_CXX_LANGUAGE_STANDARD = "gnu++20";
				CLANG_ENABLE_MODULES = YES;
				CLANG_ENABLE_OBJC_ARC = YES;
				CLANG_ENABLE_OBJC_WEAK = YES;
				CLANG_WARN_BLOCK_CAPTURE_AUTORELEASING = YES;
				CLANG_WARN_BOOL_CONVERSION = YES;
				CLANG_WARN_COMMA = YES;
				CLANG_WARN_CONSTANT_CONVERSION = YES;
				CLANG_WARN_DEPRECATED_OBJC_IMPLEMENTATIONS = YES;
				CLANG_WARN_DIRECT_OBJC_ISA_USAGE = YES_ERROR;
				CLANG_WARN_DOCUMENTATION_COMMENTS = YES;
				CLANG_WARN_EMPTY_BODY = YES;
				CLANG_WARN_ENUM_CONVERSION = YES;
				CLANG_WARN_INFINITE_RECURSION = YES;
				CLANG_WARN_INT_CONVERSION = YES;
				CLANG_WARN_NON_LITERAL_NULL_CONVERSION = YES;
				CLANG_WARN_OBJC_IMPLICIT_RETAIN_SELF = YES;
				CLANG_WARN_OBJC_LITERAL_CONVERSION = YES;
				CLANG_WARN_OBJC_ROOT_CLASS = YES_ERROR;
				CLANG_WARN_QUOTED_INCLUDE_IN_FRAMEWORK_HEADER = YES;
				CLANG_WARN_RANGE_LOOP_ANALYSIS = YES;
				CLANG_WARN_STRICT_PROTOTYPES = YES;
				CLANG_WARN_SUSPICIOUS_MOVE = YES;
				CLANG_WARN_UNGUARDED_AVAILABILITY = YES_AGGRESSIVE;
				CLANG_WARN_UNREACHABLE_CODE = YES;
				CLANG_WARN__DUPLICATE_METHOD_MATCH = YES;
				COPY_PHASE_STRIP = NO;
				DEBUG_INFORMATION_FORMAT = "dwarf-with-dsym";
				ENABLE_NS_ASSERTIONS = NO;
				ENABLE_STRICT_OBJC_MSGSEND = YES;
				ENABLE_USER_SCRIPT_SANDBOXING = YES;
				GCC_C_LANGUAGE_STANDARD = gnu17;
				GCC_NO_COMMON_BLOCKS = YES;
				GCC_WARN_64_TO_32_BIT_CONVERSION = YES;
				GCC_WARN_ABOUT_RETURN_TYPE = YES_ERROR;
				GCC_WARN_UNDECLARED_SELECTOR = YES;
				GCC_WARN_UNINITIALIZED_AUTOS = YES_AGGRESSIVE;
				GCC_WARN_UNUSED_FUNCTION = YES;
				GCC_WARN_UNUSED_VARIABLE = YES;
				IPHONEOS_DEPLOYMENT_TARGET = 17.0;
				LOCALIZATION_PREFERS_STRING_CATALOGS = YES;
				MTL_ENABLE_DEBUG_INFO = NO;
				MTL_FAST_MATH = YES;
				SDKROOT = iphoneos;
				SWIFT_COMPILATION_MODE = wholemodule;
				VALIDATE_PRODUCT = YES;
			};
			name = Release;
		};
		90EFB9722BA3DF6900F27787 /* Debug */ = {
			isa = XCBuildConfiguration;
			buildSettings = {
				ASSETCATALOG_COMPILER_APPICON_NAME = AppIcon;
				ASSETCATALOG_COMPILER_GLOBAL_ACCENT_COLOR_NAME = AccentColor;
				CODE_SIGN_STYLE = Automatic;
				CURRENT_PROJECT_VERSION = 1;
				DEVELOPMENT_ASSET_PATHS = "\"CrypGo/Preview Content\"";
				DEVELOPMENT_TEAM = 2VZ74KAC94;
				ENABLE_PREVIEWS = YES;
				GENERATE_INFOPLIST_FILE = YES;
				INFOPLIST_FILE = CrypGo/Info.plist;
				INFOPLIST_KEY_LSApplicationCategoryType = "";
				INFOPLIST_KEY_UIApplicationSceneManifest_Generation = YES;
				INFOPLIST_KEY_UIApplicationSupportsIndirectInputEvents = YES;
				INFOPLIST_KEY_UISupportedInterfaceOrientations_iPad = "UIInterfaceOrientationPortrait UIInterfaceOrientationPortraitUpsideDown UIInterfaceOrientationLandscapeLeft UIInterfaceOrientationLandscapeRight";
				INFOPLIST_KEY_UISupportedInterfaceOrientations_iPhone = "UIInterfaceOrientationPortrait UIInterfaceOrientationLandscapeLeft UIInterfaceOrientationLandscapeRight";
				IPHONEOS_DEPLOYMENT_TARGET = 17.0;
				LD_RUNPATH_SEARCH_PATHS = (
					"$(inherited)",
					"@executable_path/Frameworks",
				);
				MARKETING_VERSION = 1.0;
				PRODUCT_BUNDLE_IDENTIFIER = ManojBaasha.CrypGo;
				PRODUCT_NAME = "$(TARGET_NAME)";
				SWIFT_EMIT_LOC_STRINGS = YES;
				SWIFT_VERSION = 5.0;
				TARGETED_DEVICE_FAMILY = "1,2";
			};
			name = Debug;
		};
		90EFB9732BA3DF6900F27787 /* Release */ = {
			isa = XCBuildConfiguration;
			buildSettings = {
				ASSETCATALOG_COMPILER_APPICON_NAME = AppIcon;
				ASSETCATALOG_COMPILER_GLOBAL_ACCENT_COLOR_NAME = AccentColor;
				CODE_SIGN_STYLE = Automatic;
				CURRENT_PROJECT_VERSION = 1;
				DEVELOPMENT_ASSET_PATHS = "\"CrypGo/Preview Content\"";
				DEVELOPMENT_TEAM = 2VZ74KAC94;
				ENABLE_PREVIEWS = YES;
				GENERATE_INFOPLIST_FILE = YES;
				INFOPLIST_FILE = CrypGo/Info.plist;
				INFOPLIST_KEY_LSApplicationCategoryType = "";
				INFOPLIST_KEY_UIApplicationSceneManifest_Generation = YES;
				INFOPLIST_KEY_UIApplicationSupportsIndirectInputEvents = YES;
				INFOPLIST_KEY_UISupportedInterfaceOrientations_iPad = "UIInterfaceOrientationPortrait UIInterfaceOrientationPortraitUpsideDown UIInterfaceOrientationLandscapeLeft UIInterfaceOrientationLandscapeRight";
				INFOPLIST_KEY_UISupportedInterfaceOrientations_iPhone = "UIInterfaceOrientationPortrait UIInterfaceOrientationLandscapeLeft UIInterfaceOrientationLandscapeRight";
				IPHONEOS_DEPLOYMENT_TARGET = 17.0;
				LD_RUNPATH_SEARCH_PATHS = (
					"$(inherited)",
					"@executable_path/Frameworks",
				);
				MARKETING_VERSION = 1.0;
				PRODUCT_BUNDLE_IDENTIFIER = ManojBaasha.CrypGo;
				PRODUCT_NAME = "$(TARGET_NAME)";
				SWIFT_EMIT_LOC_STRINGS = YES;
				SWIFT_VERSION = 5.0;
				TARGETED_DEVICE_FAMILY = "1,2";
			};
			name = Release;
		};
		90EFB9752BA3DF6900F27787 /* Debug */ = {
			isa = XCBuildConfiguration;
			buildSettings = {
				ALWAYS_EMBED_SWIFT_STANDARD_LIBRARIES = YES;
				BUNDLE_LOADER = "$(TEST_HOST)";
				CODE_SIGN_STYLE = Automatic;
				CURRENT_PROJECT_VERSION = 1;
				DEVELOPMENT_TEAM = 2VZ74KAC94;
				GENERATE_INFOPLIST_FILE = YES;
				IPHONEOS_DEPLOYMENT_TARGET = 17.4;
				MARKETING_VERSION = 1.0;
				PRODUCT_BUNDLE_IDENTIFIER = ManojBaasha.CrypGoTests;
				PRODUCT_NAME = "$(TARGET_NAME)";
				SWIFT_EMIT_LOC_STRINGS = NO;
				SWIFT_VERSION = 5.0;
				TARGETED_DEVICE_FAMILY = "1,2";
				TEST_HOST = "$(BUILT_PRODUCTS_DIR)/CrypGo.app/$(BUNDLE_EXECUTABLE_FOLDER_PATH)/CrypGo";
			};
			name = Debug;
		};
		90EFB9762BA3DF6900F27787 /* Release */ = {
			isa = XCBuildConfiguration;
			buildSettings = {
				ALWAYS_EMBED_SWIFT_STANDARD_LIBRARIES = YES;
				BUNDLE_LOADER = "$(TEST_HOST)";
				CODE_SIGN_STYLE = Automatic;
				CURRENT_PROJECT_VERSION = 1;
				DEVELOPMENT_TEAM = 2VZ74KAC94;
				GENERATE_INFOPLIST_FILE = YES;
				IPHONEOS_DEPLOYMENT_TARGET = 17.4;
				MARKETING_VERSION = 1.0;
				PRODUCT_BUNDLE_IDENTIFIER = ManojBaasha.CrypGoTests;
				PRODUCT_NAME = "$(TARGET_NAME)";
				SWIFT_EMIT_LOC_STRINGS = NO;
				SWIFT_VERSION = 5.0;
				TARGETED_DEVICE_FAMILY = "1,2";
				TEST_HOST = "$(BUILT_PRODUCTS_DIR)/CrypGo.app/$(BUNDLE_EXECUTABLE_FOLDER_PATH)/CrypGo";
			};
			name = Release;
		};
		90EFB9782BA3DF6900F27787 /* Debug */ = {
			isa = XCBuildConfiguration;
			buildSettings = {
				ALWAYS_EMBED_SWIFT_STANDARD_LIBRARIES = YES;
				CODE_SIGN_STYLE = Automatic;
				CURRENT_PROJECT_VERSION = 1;
				DEVELOPMENT_TEAM = 2VZ74KAC94;
				GENERATE_INFOPLIST_FILE = YES;
				MARKETING_VERSION = 1.0;
				PRODUCT_BUNDLE_IDENTIFIER = ManojBaasha.CrypGoUITests;
				PRODUCT_NAME = "$(TARGET_NAME)";
				SWIFT_EMIT_LOC_STRINGS = NO;
				SWIFT_VERSION = 5.0;
				TARGETED_DEVICE_FAMILY = "1,2";
				TEST_TARGET_NAME = CrypGo;
			};
			name = Debug;
		};
		90EFB9792BA3DF6900F27787 /* Release */ = {
			isa = XCBuildConfiguration;
			buildSettings = {
				ALWAYS_EMBED_SWIFT_STANDARD_LIBRARIES = YES;
				CODE_SIGN_STYLE = Automatic;
				CURRENT_PROJECT_VERSION = 1;
				DEVELOPMENT_TEAM = 2VZ74KAC94;
				GENERATE_INFOPLIST_FILE = YES;
				MARKETING_VERSION = 1.0;
				PRODUCT_BUNDLE_IDENTIFIER = ManojBaasha.CrypGoUITests;
				PRODUCT_NAME = "$(TARGET_NAME)";
				SWIFT_EMIT_LOC_STRINGS = NO;
				SWIFT_VERSION = 5.0;
				TARGETED_DEVICE_FAMILY = "1,2";
				TEST_TARGET_NAME = CrypGo;
			};
			name = Release;
		};
/* End XCBuildConfiguration section */

/* Begin XCConfigurationList section */
		90EFB9482BA3DF6700F27787 /* Build configuration list for PBXProject "CrypGo" */ = {
			isa = XCConfigurationList;
			buildConfigurations = (
				90EFB96F2BA3DF6900F27787 /* Debug */,
				90EFB9702BA3DF6900F27787 /* Release */,
			);
			defaultConfigurationIsVisible = 0;
			defaultConfigurationName = Release;
		};
		90EFB9712BA3DF6900F27787 /* Build configuration list for PBXNativeTarget "CrypGo" */ = {
			isa = XCConfigurationList;
			buildConfigurations = (
				90EFB9722BA3DF6900F27787 /* Debug */,
				90EFB9732BA3DF6900F27787 /* Release */,
			);
			defaultConfigurationIsVisible = 0;
			defaultConfigurationName = Release;
		};
		90EFB9742BA3DF6900F27787 /* Build configuration list for PBXNativeTarget "CrypGoTests" */ = {
			isa = XCConfigurationList;
			buildConfigurations = (
				90EFB9752BA3DF6900F27787 /* Debug */,
				90EFB9762BA3DF6900F27787 /* Release */,
			);
			defaultConfigurationIsVisible = 0;
			defaultConfigurationName = Release;
		};
		90EFB9772BA3DF6900F27787 /* Build configuration list for PBXNativeTarget "CrypGoUITests" */ = {
			isa = XCConfigurationList;
			buildConfigurations = (
				90EFB9782BA3DF6900F27787 /* Debug */,
				90EFB9792BA3DF6900F27787 /* Release */,
			);
			defaultConfigurationIsVisible = 0;
			defaultConfigurationName = Release;
		};
/* End XCConfigurationList section */

/* Begin XCRemoteSwiftPackageReference section */
		9083129E2BA3E03000F105F0 /* XCRemoteSwiftPackageReference "PhoneNumberKit" */ = {
			isa = XCRemoteSwiftPackageReference;
			repositoryURL = "https://github.com/marmelroy/PhoneNumberKit.git";
			requirement = {
				kind = upToNextMajorVersion;
				minimumVersion = 3.7.9;
			};
		};
/* End XCRemoteSwiftPackageReference section */
	};
	rootObject = 90EFB9452BA3DF6700F27787 /* Project object */;
}
